
Microsoft Visual Studio Solution File, Format Version 12.00
# Visual Studio 15
VisualStudioVersion = 15.0.28307.1022
MinimumVisualStudioVersion = 10.0.40219.1
Project("{FAE04EC0-301F-11D3-BF4B-00C04F79EFBC}") = "AutoTrdSystem", "AutoTrdSystem\AutoTrdSystem.csproj", "{AA9B5AEA-D664-4621-A8E4-8B63E58A0B0B}"
EndProject
Global
	GlobalSection(SolutionConfigurationPlatforms) = preSolution
		Debug|Any CPU = Debug|Any CPU
		Release|Any CPU = Release|Any CPU
	EndGlobalSection
	GlobalSection(ProjectConfigurationPlatforms) = postSolution
		{AA9B5AEA-D664-4621-A8E4-8B63E58A0B0B}.Debug|Any CPU.ActiveCfg = Debug|Any CPU
		{AA9B5AEA-D664-4621-A8E4-8B63E58A0B0B}.Debug|Any CPU.Build.0 = Debug|Any CPU
		{AA9B5AEA-D664-4621-A8E4-8B63E58A0B0B}.Release|Any CPU.ActiveCfg = Release|Any CPU
		{AA9B5AEA-D664-4621-A8E4-8B63E58A0B0B}.Release|Any CPU.Build.0 = Release|Any CPU
	EndGlobalSection
	GlobalSection(SolutionProperties) = preSolution
		HideSolutionNode = FALSE
	EndGlobalSection
	GlobalSection(ExtensibilityGlobals) = postSolution
		SolutionGuid = {524770FF-F0BF-4B73-91D9-326FCA19C624}
	EndGlobalSection
EndGlobal
